<?xml version="1.0" encoding="UTF-8" standalone="yes" ?>
<CodeBlocks_project_file>
   <FileVersion major="1" minor="6" />
   <Project>
      <Option title="modify_data" />
      <Option makefile_is_custom="1" />
      <Option compiler="gcc" />
      <Option virtualFolders="CMake Files\;" />
      <Build>
      <Target title="all">
         <Option working_dir="/home/stud/adilova/cuda_vision/ass_2_datasets/build-modify_data-Desktop-Default" />
         <Option type="4" />
         <MakeCommands>
            <Build command="/usr/bin/make -f &quot;/home/stud/adilova/cuda_vision/ass_2_datasets/build-modify_data-Desktop-Default/Makefile&quot;  VERBOSE=1 all" />
            <CompileFile command="/usr/bin/make -f &quot;/home/stud/adilova/cuda_vision/ass_2_datasets/build-modify_data-Desktop-Default/Makefile&quot;  VERBOSE=1 &quot;$file&quot;" />
            <Clean command="/usr/bin/make -f &quot;/home/stud/adilova/cuda_vision/ass_2_datasets/build-modify_data-Desktop-Default/Makefile&quot;  VERBOSE=1 clean" />
            <DistClean command="/usr/bin/make -f &quot;/home/stud/adilova/cuda_vision/ass_2_datasets/build-modify_data-Desktop-Default/Makefile&quot;  VERBOSE=1 clean" />
         </MakeCommands>
      </Target>
      <Target title="modify_data">
         <Option output="/home/stud/adilova/cuda_vision/ass_2_datasets/build-modify_data-Desktop-Default/modify_data" prefix_auto="0" extension_auto="0" />
         <Option working_dir="" />
         <Option object_output="./" />
         <Option type="1" />
         <Option compiler="gcc" />
         <Compiler>
            <Add directory="/usr/include" />
            <Add directory="/usr/include/c++/4.8" />
            <Add directory="/usr/include/c++/4.8/backward" />
            <Add directory="/usr/include/x86_64-linux-gnu" />
            <Add directory="/usr/include/x86_64-linux-gnu/c++/4.8" />
            <Add directory="/usr/lib/gcc/x86_64-linux-gnu/4.8/include" />
            <Add directory="/usr/lib/gcc/x86_64-linux-gnu/4.8/include-fixed" />
            <Add directory="/usr/local/cuda/include" />
            <Add directory="/usr/local/include" />
         </Compiler>
         <MakeCommands>
            <Build command="/usr/bin/make -f &quot;/home/stud/adilova/cuda_vision/ass_2_datasets/build-modify_data-Desktop-Default/Makefile&quot;  VERBOSE=1 modify_data" />
            <CompileFile command="/usr/bin/make -f &quot;/home/stud/adilova/cuda_vision/ass_2_datasets/build-modify_data-Desktop-Default/Makefile&quot;  VERBOSE=1 &quot;$file&quot;" />
            <Clean command="/usr/bin/make -f &quot;/home/stud/adilova/cuda_vision/ass_2_datasets/build-modify_data-Desktop-Default/Makefile&quot;  VERBOSE=1 clean" />
            <DistClean command="/usr/bin/make -f &quot;/home/stud/adilova/cuda_vision/ass_2_datasets/build-modify_data-Desktop-Default/Makefile&quot;  VERBOSE=1 clean" />
         </MakeCommands>
      </Target>
      <Target title="modify_data/fast">
         <Option output="/home/stud/adilova/cuda_vision/ass_2_datasets/build-modify_data-Desktop-Default/modify_data" prefix_auto="0" extension_auto="0" />
         <Option working_dir="" />
         <Option object_output="./" />
         <Option type="1" />
         <Option compiler="gcc" />
         <Compiler>
            <Add directory="/usr/include" />
            <Add directory="/usr/include/c++/4.8" />
            <Add directory="/usr/include/c++/4.8/backward" />
            <Add directory="/usr/include/x86_64-linux-gnu" />
            <Add directory="/usr/include/x86_64-linux-gnu/c++/4.8" />
            <Add directory="/usr/lib/gcc/x86_64-linux-gnu/4.8/include" />
            <Add directory="/usr/lib/gcc/x86_64-linux-gnu/4.8/include-fixed" />
            <Add directory="/usr/local/cuda/include" />
            <Add directory="/usr/local/include" />
         </Compiler>
         <MakeCommands>
            <Build command="/usr/bin/make -f &quot;/home/stud/adilova/cuda_vision/ass_2_datasets/build-modify_data-Desktop-Default/Makefile&quot;  VERBOSE=1 modify_data/fast" />
            <CompileFile command="/usr/bin/make -f &quot;/home/stud/adilova/cuda_vision/ass_2_datasets/build-modify_data-Desktop-Default/Makefile&quot;  VERBOSE=1 &quot;$file&quot;" />
            <Clean command="/usr/bin/make -f &quot;/home/stud/adilova/cuda_vision/ass_2_datasets/build-modify_data-Desktop-Default/Makefile&quot;  VERBOSE=1 clean" />
            <DistClean command="/usr/bin/make -f &quot;/home/stud/adilova/cuda_vision/ass_2_datasets/build-modify_data-Desktop-Default/Makefile&quot;  VERBOSE=1 clean" />
         </MakeCommands>
      </Target>
      <Target title="multiplier">
         <Option output="/home/stud/adilova/cuda_vision/ass_2_datasets/build-modify_data-Desktop-Default/libmultiplier.a" prefix_auto="0" extension_auto="0" />
         <Option working_dir="/home/stud/adilova/cuda_vision/ass_2_datasets/build-modify_data-Desktop-Default" />
         <Option object_output="./" />
         <Option type="2" />
         <Option compiler="gcc" />
         <Compiler>
            <Add directory="/usr/include" />
            <Add directory="/usr/include/c++/4.8" />
            <Add directory="/usr/include/c++/4.8/backward" />
            <Add directory="/usr/include/x86_64-linux-gnu" />
            <Add directory="/usr/include/x86_64-linux-gnu/c++/4.8" />
            <Add directory="/usr/lib/gcc/x86_64-linux-gnu/4.8/include" />
            <Add directory="/usr/lib/gcc/x86_64-linux-gnu/4.8/include-fixed" />
            <Add directory="/usr/local/cuda/include" />
            <Add directory="/usr/local/include" />
         </Compiler>
         <MakeCommands>
            <Build command="/usr/bin/make -f &quot;/home/stud/adilova/cuda_vision/ass_2_datasets/build-modify_data-Desktop-Default/Makefile&quot;  VERBOSE=1 multiplier" />
            <CompileFile command="/usr/bin/make -f &quot;/home/stud/adilova/cuda_vision/ass_2_datasets/build-modify_data-Desktop-Default/Makefile&quot;  VERBOSE=1 &quot;$file&quot;" />
            <Clean command="/usr/bin/make -f &quot;/home/stud/adilova/cuda_vision/ass_2_datasets/build-modify_data-Desktop-Default/Makefile&quot;  VERBOSE=1 clean" />
            <DistClean command="/usr/bin/make -f &quot;/home/stud/adilova/cuda_vision/ass_2_datasets/build-modify_data-Desktop-Default/Makefile&quot;  VERBOSE=1 clean" />
         </MakeCommands>
      </Target>
      <Target title="multiplier/fast">
         <Option output="/home/stud/adilova/cuda_vision/ass_2_datasets/build-modify_data-Desktop-Default/libmultiplier.a" prefix_auto="0" extension_auto="0" />
         <Option working_dir="/home/stud/adilova/cuda_vision/ass_2_datasets/build-modify_data-Desktop-Default" />
         <Option object_output="./" />
         <Option type="2" />
         <Option compiler="gcc" />
         <Compiler>
            <Add directory="/usr/include" />
            <Add directory="/usr/include/c++/4.8" />
            <Add directory="/usr/include/c++/4.8/backward" />
            <Add directory="/usr/include/x86_64-linux-gnu" />
            <Add directory="/usr/include/x86_64-linux-gnu/c++/4.8" />
            <Add directory="/usr/lib/gcc/x86_64-linux-gnu/4.8/include" />
            <Add directory="/usr/lib/gcc/x86_64-linux-gnu/4.8/include-fixed" />
            <Add directory="/usr/local/cuda/include" />
            <Add directory="/usr/local/include" />
         </Compiler>
         <MakeCommands>
            <Build command="/usr/bin/make -f &quot;/home/stud/adilova/cuda_vision/ass_2_datasets/build-modify_data-Desktop-Default/Makefile&quot;  VERBOSE=1 multiplier/fast" />
            <CompileFile command="/usr/bin/make -f &quot;/home/stud/adilova/cuda_vision/ass_2_datasets/build-modify_data-Desktop-Default/Makefile&quot;  VERBOSE=1 &quot;$file&quot;" />
            <Clean command="/usr/bin/make -f &quot;/home/stud/adilova/cuda_vision/ass_2_datasets/build-modify_data-Desktop-Default/Makefile&quot;  VERBOSE=1 clean" />
            <DistClean command="/usr/bin/make -f &quot;/home/stud/adilova/cuda_vision/ass_2_datasets/build-modify_data-Desktop-Default/Makefile&quot;  VERBOSE=1 clean" />
         </MakeCommands>
      </Target>
      <Target title="rebuild_cache">
         <Option working_dir="/home/stud/adilova/cuda_vision/ass_2_datasets/build-modify_data-Desktop-Default" />
         <Option type="4" />
         <MakeCommands>
            <Build command="/usr/bin/make -f &quot;/home/stud/adilova/cuda_vision/ass_2_datasets/build-modify_data-Desktop-Default/Makefile&quot;  VERBOSE=1 rebuild_cache" />
            <CompileFile command="/usr/bin/make -f &quot;/home/stud/adilova/cuda_vision/ass_2_datasets/build-modify_data-Desktop-Default/Makefile&quot;  VERBOSE=1 &quot;$file&quot;" />
            <Clean command="/usr/bin/make -f &quot;/home/stud/adilova/cuda_vision/ass_2_datasets/build-modify_data-Desktop-Default/Makefile&quot;  VERBOSE=1 clean" />
            <DistClean command="/usr/bin/make -f &quot;/home/stud/adilova/cuda_vision/ass_2_datasets/build-modify_data-Desktop-Default/Makefile&quot;  VERBOSE=1 clean" />
         </MakeCommands>
      </Target>
      </Build>
      <Unit filename="/home/stud/adilova/cuda_vision/ass_2_datasets/modify_data/main.cpp">
      </Unit>
      <Unit filename="/home/stud/adilova/cuda_vision/ass_2_datasets/modify_data/multiplier.cu">
      </Unit>
      <Unit filename="/home/stud/adilova/cuda_vision/ass_2_datasets/modify_data/multiplier.h">
      </Unit>
      <Unit filename="/home/stud/adilova/cuda_vision/ass_2_datasets/modify_data/CMakeLists.txt">
          <Option virtualFolder="CMake Files\" />
      </Unit>
   </Project>
</CodeBlocks_project_file>
